// !$*UTF8*$!
{
	archiveVersion = 1;
	classes = {
	};
	objectVersion = 46;
	objects = {

/* Begin PBXBuildFile section */
		83723693154F43BF00C41ACE /* NSNumber+numberToHumanSize.m in Sources */ = {isa = PBXBuildFile; fileRef = 83723692154F43BF00C41ACE /* NSNumber+numberToHumanSize.m */; };
		8393233B154DADDF002DF951 /* Base64Transcoder.c in Sources */ = {isa = PBXBuildFile; fileRef = 8393231F154DADDF002DF951 /* Base64Transcoder.c */; settings = {COMPILER_FLAGS = "-fno-objc-arc"; }; };
		8393233C154DADDF002DF951 /* NSMutableURLRequest+Parameters.m in Sources */ = {isa = PBXBuildFile; fileRef = 83932322154DADDF002DF951 /* NSMutableURLRequest+Parameters.m */; settings = {COMPILER_FLAGS = "-fno-objc-arc"; }; };
		8393233D154DADDF002DF951 /* NSURL+Base.m in Sources */ = {isa = PBXBuildFile; fileRef = 83932324154DADDF002DF951 /* NSURL+Base.m */; settings = {COMPILER_FLAGS = "-fno-objc-arc"; }; };
		8393233E154DADDF002DF951 /* OAAsynchronousDataFetcher.m in Sources */ = {isa = PBXBuildFile; fileRef = 83932326154DADDF002DF951 /* OAAsynchronousDataFetcher.m */; settings = {COMPILER_FLAGS = "-fno-objc-arc"; }; };
		8393233F154DADDF002DF951 /* OAConsumer.m in Sources */ = {isa = PBXBuildFile; fileRef = 83932328154DADDF002DF951 /* OAConsumer.m */; settings = {COMPILER_FLAGS = "-fno-objc-arc"; }; };
		83932340154DADDF002DF951 /* OADataFetcher.m in Sources */ = {isa = PBXBuildFile; fileRef = 8393232A154DADDF002DF951 /* OADataFetcher.m */; settings = {COMPILER_FLAGS = "-fno-objc-arc"; }; };
		83932341154DADDF002DF951 /* OAHMAC_SHA1SignatureProvider.m in Sources */ = {isa = PBXBuildFile; fileRef = 8393232C154DADDF002DF951 /* OAHMAC_SHA1SignatureProvider.m */; settings = {COMPILER_FLAGS = "-fno-objc-arc"; }; };
		83932342154DADDF002DF951 /* OAMutableURLRequest.m in Sources */ = {isa = PBXBuildFile; fileRef = 8393232E154DADDF002DF951 /* OAMutableURLRequest.m */; settings = {COMPILER_FLAGS = "-fno-objc-arc"; }; };
		83932343154DADDF002DF951 /* OAPlaintextSignatureProvider.m in Sources */ = {isa = PBXBuildFile; fileRef = 83932330154DADDF002DF951 /* OAPlaintextSignatureProvider.m */; settings = {COMPILER_FLAGS = "-fno-objc-arc"; }; };
		83932344154DADDF002DF951 /* OARequestParameter.m in Sources */ = {isa = PBXBuildFile; fileRef = 83932332154DADDF002DF951 /* OARequestParameter.m */; settings = {COMPILER_FLAGS = "-fno-objc-arc"; }; };
		83932345154DADDF002DF951 /* OAServiceTicket.m in Sources */ = {isa = PBXBuildFile; fileRef = 83932334154DADDF002DF951 /* OAServiceTicket.m */; settings = {COMPILER_FLAGS = "-fno-objc-arc"; }; };
		83932346154DADDF002DF951 /* OATestServer.rb in Resources */ = {isa = PBXBuildFile; fileRef = 83932336154DADDF002DF951 /* OATestServer.rb */; };
		83932347154DADDF002DF951 /* OAToken.m in Sources */ = {isa = PBXBuildFile; fileRef = 83932338154DADDF002DF951 /* OAToken.m */; settings = {COMPILER_FLAGS = "-fno-objc-arc"; }; };
		83932348154DADDF002DF951 /* README.md in Resources */ = {isa = PBXBuildFile; fileRef = 8393233A154DADDF002DF951 /* README.md */; };
		83932395154DAF68002DF951 /* AppDelegate.m in Sources */ = {isa = PBXBuildFile; fileRef = 8393234B154DAF68002DF951 /* AppDelegate.m */; };
		83932396154DAF68002DF951 /* NSBundle+ApplicationName.m in Sources */ = {isa = PBXBuildFile; fileRef = 8393234E154DAF68002DF951 /* NSBundle+ApplicationName.m */; };
		83932397154DAF68002DF951 /* NSFileManager+ApplicationSupportDirectory.m in Sources */ = {isa = PBXBuildFile; fileRef = 83932350154DAF68002DF951 /* NSFileManager+ApplicationSupportDirectory.m */; };
		83932398154DAF68002DF951 /* DownloadsArrayController.m in Sources */ = {isa = PBXBuildFile; fileRef = 83932353154DAF68002DF951 /* DownloadsArrayController.m */; };
		83932399154DAF68002DF951 /* GeneralOptions.xib in Resources */ = {isa = PBXBuildFile; fileRef = 83932354154DAF68002DF951 /* GeneralOptions.xib */; };
		8393239A154DAF68002DF951 /* GeneralOptionsController.m in Sources */ = {isa = PBXBuildFile; fileRef = 83932356154DAF68002DF951 /* GeneralOptionsController.m */; };
		8393239B154DAF68002DF951 /* OptionsWindow.xib in Resources */ = {isa = PBXBuildFile; fileRef = 83932357154DAF68002DF951 /* OptionsWindow.xib */; };
		8393239C154DAF68002DF951 /* OptionsWindowController.m in Sources */ = {isa = PBXBuildFile; fileRef = 83932359154DAF68002DF951 /* OptionsWindowController.m */; };
		8393239D154DAF68002DF951 /* StatusItemController.m in Sources */ = {isa = PBXBuildFile; fileRef = 8393235B154DAF68002DF951 /* StatusItemController.m */; };
		8393239E154DAF68002DF951 /* UserDetails.xib in Resources */ = {isa = PBXBuildFile; fileRef = 8393235C154DAF68002DF951 /* UserDetails.xib */; };
		8393239F154DAF68002DF951 /* UserDetailsController.m in Sources */ = {isa = PBXBuildFile; fileRef = 8393235E154DAF68002DF951 /* UserDetailsController.m */; };
		839323A0154DAF68002DF951 /* Credits.rtf in Resources */ = {isa = PBXBuildFile; fileRef = 8393235F154DAF68002DF951 /* Credits.rtf */; };
		839323A1154DAF68002DF951 /* InfoPlist.strings in Resources */ = {isa = PBXBuildFile; fileRef = 83932361154DAF68002DF951 /* InfoPlist.strings */; };
		839323A2154DAF68002DF951 /* MainMenu.xib in Resources */ = {isa = PBXBuildFile; fileRef = 83932365154DAF68002DF951 /* MainMenu.xib */; };
		839323A3154DAF68002DF951 /* u1.icns in Resources */ = {isa = PBXBuildFile; fileRef = 83932367154DAF68002DF951 /* u1.icns */; };
		839323A5154DAF68002DF951 /* AbstractAdapter.m in Sources */ = {isa = PBXBuildFile; fileRef = 8393236F154DAF68002DF951 /* AbstractAdapter.m */; };
		839323A6154DAF68002DF951 /* AsynchronousAdapter.m in Sources */ = {isa = PBXBuildFile; fileRef = 83932371154DAF68002DF951 /* AsynchronousAdapter.m */; };
		839323A7154DAF68002DF951 /* AsynchronousAdapterOperation.m in Sources */ = {isa = PBXBuildFile; fileRef = 83932373154DAF68002DF951 /* AsynchronousAdapterOperation.m */; };
		839323A8154DAF68002DF951 /* AuthorizationDetails.m in Sources */ = {isa = PBXBuildFile; fileRef = 83932375154DAF68002DF951 /* AuthorizationDetails.m */; };
		839323A9154DAF68002DF951 /* AuthorizationDetailsAdapter.m in Sources */ = {isa = PBXBuildFile; fileRef = 83932377154DAF68002DF951 /* AuthorizationDetailsAdapter.m */; };
		839323AA154DAF68002DF951 /* ContentAdapter.m in Sources */ = {isa = PBXBuildFile; fileRef = 8393237A154DAF68002DF951 /* ContentAdapter.m */; };
		839323AB154DAF68002DF951 /* ContentUploadAdapter.m in Sources */ = {isa = PBXBuildFile; fileRef = 8393237C154DAF68002DF951 /* ContentUploadAdapter.m */; };
		839323AC154DAF68002DF951 /* FileAttributesHelper.m in Sources */ = {isa = PBXBuildFile; fileRef = 8393237E154DAF68002DF951 /* FileAttributesHelper.m */; };
		839323AD154DAF68002DF951 /* FileAttributesUpdatingAsynchronAdapterDelegate.m in Sources */ = {isa = PBXBuildFile; fileRef = 83932380154DAF68002DF951 /* FileAttributesUpdatingAsynchronAdapterDelegate.m */; };
		839323AE154DAF68002DF951 /* FileWritingAsynchronousAdapterDelegate.m in Sources */ = {isa = PBXBuildFile; fileRef = 83932382154DAF68002DF951 /* FileWritingAsynchronousAdapterDelegate.m */; };
		839323AF154DAF68002DF951 /* MIMETypeResolver.m in Sources */ = {isa = PBXBuildFile; fileRef = 83932384154DAF68002DF951 /* MIMETypeResolver.m */; };
		839323B0154DAF68002DF951 /* NodeDetails.m in Sources */ = {isa = PBXBuildFile; fileRef = 83932386154DAF68002DF951 /* NodeDetails.m */; };
		839323B1154DAF68002DF951 /* NodeDetailsAdapter.m in Sources */ = {isa = PBXBuildFile; fileRef = 83932388154DAF68002DF951 /* NodeDetailsAdapter.m */; };
		839323B2154DAF68002DF951 /* ProgressAsynchronousAdapterDelegate.m in Sources */ = {isa = PBXBuildFile; fileRef = 8393238A154DAF68002DF951 /* ProgressAsynchronousAdapterDelegate.m */; };
		839323B3154DAF68002DF951 /* ProgressAsynchronousAdapterDelegateFactory.m in Sources */ = {isa = PBXBuildFile; fileRef = 8393238C154DAF68002DF951 /* ProgressAsynchronousAdapterDelegateFactory.m */; };
		839323B4154DAF68002DF951 /* SynchronousAdapter.m in Sources */ = {isa = PBXBuildFile; fileRef = 8393238E154DAF68002DF951 /* SynchronousAdapter.m */; };
		839323B5154DAF68002DF951 /* SyncWorker.m in Sources */ = {isa = PBXBuildFile; fileRef = 83932390154DAF68002DF951 /* SyncWorker.m */; };
		839323B6154DAF68002DF951 /* UserDetails.m in Sources */ = {isa = PBXBuildFile; fileRef = 83932392154DAF68002DF951 /* UserDetails.m */; };
		839323B7154DAF68002DF951 /* UserDetailsAdapter.m in Sources */ = {isa = PBXBuildFile; fileRef = 83932394154DAF68002DF951 /* UserDetailsAdapter.m */; };
		839323BD154DB459002DF951 /* main.m in Sources */ = {isa = PBXBuildFile; fileRef = 839323BC154DB459002DF951 /* main.m */; };
		CE92853B14B3815400FE35EB /* Cocoa.framework in Frameworks */ = {isa = PBXBuildFile; fileRef = CE92853A14B3815400FE35EB /* Cocoa.framework */; };
		CE9285F814B3890100FE35EB /* Security.framework in Frameworks */ = {isa = PBXBuildFile; fileRef = CE9285F714B3890100FE35EB /* Security.framework */; };
/* End PBXBuildFile section */

/* Begin PBXFileReference section */
		83723691154F43BF00C41ACE /* NSNumber+numberToHumanSize.h */ = {isa = PBXFileReference; fileEncoding = 4; lastKnownFileType = sourcecode.c.h; path = "NSNumber+numberToHumanSize.h"; sourceTree = "<group>"; };
		83723692154F43BF00C41ACE /* NSNumber+numberToHumanSize.m */ = {isa = PBXFileReference; fileEncoding = 4; lastKnownFileType = sourcecode.c.objc; path = "NSNumber+numberToHumanSize.m"; sourceTree = "<group>"; };
		8393231F154DADDF002DF951 /* Base64Transcoder.c */ = {isa = PBXFileReference; fileEncoding = 4; lastKnownFileType = sourcecode.c.c; path = Base64Transcoder.c; sourceTree = "<group>"; };
		83932320154DADDF002DF951 /* Base64Transcoder.h */ = {isa = PBXFileReference; fileEncoding = 4; lastKnownFileType = sourcecode.c.h; path = Base64Transcoder.h; sourceTree = "<group>"; };
		83932321154DADDF002DF951 /* NSMutableURLRequest+Parameters.h */ = {isa = PBXFileReference; fileEncoding = 4; lastKnownFileType = sourcecode.c.h; path = "NSMutableURLRequest+Parameters.h"; sourceTree = "<group>"; };
		83932322154DADDF002DF951 /* NSMutableURLRequest+Parameters.m */ = {isa = PBXFileReference; fileEncoding = 4; lastKnownFileType = sourcecode.c.objc; path = "NSMutableURLRequest+Parameters.m"; sourceTree = "<group>"; };
		83932323154DADDF002DF951 /* NSURL+Base.h */ = {isa = PBXFileReference; fileEncoding = 4; lastKnownFileType = sourcecode.c.h; path = "NSURL+Base.h"; sourceTree = "<group>"; };
		83932324154DADDF002DF951 /* NSURL+Base.m */ = {isa = PBXFileReference; fileEncoding = 4; lastKnownFileType = sourcecode.c.objc; path = "NSURL+Base.m"; sourceTree = "<group>"; };
		83932325154DADDF002DF951 /* OAAsynchronousDataFetcher.h */ = {isa = PBXFileReference; fileEncoding = 4; lastKnownFileType = sourcecode.c.h; path = OAAsynchronousDataFetcher.h; sourceTree = "<group>"; };
		83932326154DADDF002DF951 /* OAAsynchronousDataFetcher.m */ = {isa = PBXFileReference; fileEncoding = 4; lastKnownFileType = sourcecode.c.objc; path = OAAsynchronousDataFetcher.m; sourceTree = "<group>"; };
		83932327154DADDF002DF951 /* OAConsumer.h */ = {isa = PBXFileReference; fileEncoding = 4; lastKnownFileType = sourcecode.c.h; path = OAConsumer.h; sourceTree = "<group>"; };
		83932328154DADDF002DF951 /* OAConsumer.m */ = {isa = PBXFileReference; fileEncoding = 4; lastKnownFileType = sourcecode.c.objc; path = OAConsumer.m; sourceTree = "<group>"; };
		83932329154DADDF002DF951 /* OADataFetcher.h */ = {isa = PBXFileReference; fileEncoding = 4; lastKnownFileType = sourcecode.c.h; path = OADataFetcher.h; sourceTree = "<group>"; };
		8393232A154DADDF002DF951 /* OADataFetcher.m */ = {isa = PBXFileReference; fileEncoding = 4; lastKnownFileType = sourcecode.c.objc; path = OADataFetcher.m; sourceTree = "<group>"; };
		8393232B154DADDF002DF951 /* OAHMAC_SHA1SignatureProvider.h */ = {isa = PBXFileReference; fileEncoding = 4; lastKnownFileType = sourcecode.c.h; path = OAHMAC_SHA1SignatureProvider.h; sourceTree = "<group>"; };
		8393232C154DADDF002DF951 /* OAHMAC_SHA1SignatureProvider.m */ = {isa = PBXFileReference; fileEncoding = 4; lastKnownFileType = sourcecode.c.objc; path = OAHMAC_SHA1SignatureProvider.m; sourceTree = "<group>"; };
		8393232D154DADDF002DF951 /* OAMutableURLRequest.h */ = {isa = PBXFileReference; fileEncoding = 4; lastKnownFileType = sourcecode.c.h; path = OAMutableURLRequest.h; sourceTree = "<group>"; };
		8393232E154DADDF002DF951 /* OAMutableURLRequest.m */ = {isa = PBXFileReference; fileEncoding = 4; lastKnownFileType = sourcecode.c.objc; path = OAMutableURLRequest.m; sourceTree = "<group>"; };
		8393232F154DADDF002DF951 /* OAPlaintextSignatureProvider.h */ = {isa = PBXFileReference; fileEncoding = 4; lastKnownFileType = sourcecode.c.h; path = OAPlaintextSignatureProvider.h; sourceTree = "<group>"; };
		83932330154DADDF002DF951 /* OAPlaintextSignatureProvider.m */ = {isa = PBXFileReference; fileEncoding = 4; lastKnownFileType = sourcecode.c.objc; path = OAPlaintextSignatureProvider.m; sourceTree = "<group>"; };
		83932331154DADDF002DF951 /* OARequestParameter.h */ = {isa = PBXFileReference; fileEncoding = 4; lastKnownFileType = sourcecode.c.h; path = OARequestParameter.h; sourceTree = "<group>"; };
		83932332154DADDF002DF951 /* OARequestParameter.m */ = {isa = PBXFileReference; fileEncoding = 4; lastKnownFileType = sourcecode.c.objc; path = OARequestParameter.m; sourceTree = "<group>"; };
		83932333154DADDF002DF951 /* OAServiceTicket.h */ = {isa = PBXFileReference; fileEncoding = 4; lastKnownFileType = sourcecode.c.h; path = OAServiceTicket.h; sourceTree = "<group>"; };
		83932334154DADDF002DF951 /* OAServiceTicket.m */ = {isa = PBXFileReference; fileEncoding = 4; lastKnownFileType = sourcecode.c.objc; path = OAServiceTicket.m; sourceTree = "<group>"; };
		83932335154DADDF002DF951 /* OASignatureProviding.h */ = {isa = PBXFileReference; fileEncoding = 4; lastKnownFileType = sourcecode.c.h; path = OASignatureProviding.h; sourceTree = "<group>"; };
		83932336154DADDF002DF951 /* OATestServer.rb */ = {isa = PBXFileReference; fileEncoding = 4; lastKnownFileType = text.script.ruby; path = OATestServer.rb; sourceTree = "<group>"; };
		83932337154DADDF002DF951 /* OAToken.h */ = {isa = PBXFileReference; fileEncoding = 4; lastKnownFileType = sourcecode.c.h; path = OAToken.h; sourceTree = "<group>"; };
		83932338154DADDF002DF951 /* OAToken.m */ = {isa = PBXFileReference; fileEncoding = 4; lastKnownFileType = sourcecode.c.objc; path = OAToken.m; sourceTree = "<group>"; };
		83932339154DADDF002DF951 /* OAuthConsumer.h */ = {isa = PBXFileReference; fileEncoding = 4; lastKnownFileType = sourcecode.c.h; path = OAuthConsumer.h; sourceTree = "<group>"; };
		8393233A154DADDF002DF951 /* README.md */ = {isa = PBXFileReference; fileEncoding = 4; lastKnownFileType = text; path = README.md; sourceTree = "<group>"; };
		8393234A154DAF68002DF951 /* AppDelegate.h */ = {isa = PBXFileReference; fileEncoding = 4; lastKnownFileType = sourcecode.c.h; path = AppDelegate.h; sourceTree = "<group>"; };
		8393234B154DAF68002DF951 /* AppDelegate.m */ = {isa = PBXFileReference; fileEncoding = 4; lastKnownFileType = sourcecode.c.objc; path = AppDelegate.m; sourceTree = "<group>"; };
		8393234D154DAF68002DF951 /* NSBundle+ApplicationName.h */ = {isa = PBXFileReference; fileEncoding = 4; lastKnownFileType = sourcecode.c.h; path = "NSBundle+ApplicationName.h"; sourceTree = "<group>"; };
		8393234E154DAF68002DF951 /* NSBundle+ApplicationName.m */ = {isa = PBXFileReference; fileEncoding = 4; lastKnownFileType = sourcecode.c.objc; path = "NSBundle+ApplicationName.m"; sourceTree = "<group>"; };
		8393234F154DAF68002DF951 /* NSFileManager+ApplicationSupportDirectory.h */ = {isa = PBXFileReference; fileEncoding = 4; lastKnownFileType = sourcecode.c.h; path = "NSFileManager+ApplicationSupportDirectory.h"; sourceTree = "<group>"; };
		83932350154DAF68002DF951 /* NSFileManager+ApplicationSupportDirectory.m */ = {isa = PBXFileReference; fileEncoding = 4; lastKnownFileType = sourcecode.c.objc; path = "NSFileManager+ApplicationSupportDirectory.m"; sourceTree = "<group>"; };
		83932352154DAF68002DF951 /* DownloadsArrayController.h */ = {isa = PBXFileReference; fileEncoding = 4; lastKnownFileType = sourcecode.c.h; path = DownloadsArrayController.h; sourceTree = "<group>"; };
		83932353154DAF68002DF951 /* DownloadsArrayController.m */ = {isa = PBXFileReference; fileEncoding = 4; lastKnownFileType = sourcecode.c.objc; path = DownloadsArrayController.m; sourceTree = "<group>"; };
		83932354154DAF68002DF951 /* GeneralOptions.xib */ = {isa = PBXFileReference; fileEncoding = 4; lastKnownFileType = file.xib; path = GeneralOptions.xib; sourceTree = "<group>"; };
		83932355154DAF68002DF951 /* GeneralOptionsController.h */ = {isa = PBXFileReference; fileEncoding = 4; lastKnownFileType = sourcecode.c.h; path = GeneralOptionsController.h; sourceTree = "<group>"; };
		83932356154DAF68002DF951 /* GeneralOptionsController.m */ = {isa = PBXFileReference; fileEncoding = 4; lastKnownFileType = sourcecode.c.objc; path = GeneralOptionsController.m; sourceTree = "<group>"; };
		83932357154DAF68002DF951 /* OptionsWindow.xib */ = {isa = PBXFileReference; fileEncoding = 4; lastKnownFileType = file.xib; path = OptionsWindow.xib; sourceTree = "<group>"; };
		83932358154DAF68002DF951 /* OptionsWindowController.h */ = {isa = PBXFileReference; fileEncoding = 4; lastKnownFileType = sourcecode.c.h; path = OptionsWindowController.h; sourceTree = "<group>"; };
		83932359154DAF68002DF951 /* OptionsWindowController.m */ = {isa = PBXFileReference; fileEncoding = 4; lastKnownFileType = sourcecode.c.objc; path = OptionsWindowController.m; sourceTree = "<group>"; };
		8393235A154DAF68002DF951 /* StatusItemController.h */ = {isa = PBXFileReference; fileEncoding = 4; lastKnownFileType = sourcecode.c.h; path = StatusItemController.h; sourceTree = "<group>"; };
		8393235B154DAF68002DF951 /* StatusItemController.m */ = {isa = PBXFileReference; fileEncoding = 4; lastKnownFileType = sourcecode.c.objc; path = StatusItemController.m; sourceTree = "<group>"; };
		8393235C154DAF68002DF951 /* UserDetails.xib */ = {isa = PBXFileReference; fileEncoding = 4; lastKnownFileType = file.xib; path = UserDetails.xib; sourceTree = "<group>"; };
		8393235D154DAF68002DF951 /* UserDetailsController.h */ = {isa = PBXFileReference; fileEncoding = 4; lastKnownFileType = sourcecode.c.h; path = UserDetailsController.h; sourceTree = "<group>"; };
		8393235E154DAF68002DF951 /* UserDetailsController.m */ = {isa = PBXFileReference; fileEncoding = 4; lastKnownFileType = sourcecode.c.objc; path = UserDetailsController.m; sourceTree = "<group>"; };
		83932360154DAF68002DF951 /* en */ = {isa = PBXFileReference; lastKnownFileType = text.rtf; name = en; path = en.lproj/Credits.rtf; sourceTree = "<group>"; };
		83932362154DAF68002DF951 /* en */ = {isa = PBXFileReference; lastKnownFileType = text.plist.strings; name = en; path = en.lproj/InfoPlist.strings; sourceTree = "<group>"; };
		83932366154DAF68002DF951 /* en */ = {isa = PBXFileReference; lastKnownFileType = file.xib; name = en; path = en.lproj/MainMenu.xib; sourceTree = "<group>"; };
		83932368154DAF68002DF951 /* en */ = {isa = PBXFileReference; lastKnownFileType = image.icns; name = en; path = en.lproj/u1.icns; sourceTree = "<group>"; };
		8393236A154DAF68002DF951 /* en */ = {isa = PBXFileReference; lastKnownFileType = text.plist.xml; name = en; path = "en.lproj/UbuntuOne-Info.plist"; sourceTree = "<group>"; };
		8393236C154DAF68002DF951 /* en */ = {isa = PBXFileReference; lastKnownFileType = sourcecode.c.h; name = en; path = "en.lproj/UbuntuOne-Prefix.pch"; sourceTree = "<group>"; };
		8393236E154DAF68002DF951 /* AbstractAdapter.h */ = {isa = PBXFileReference; fileEncoding = 4; lastKnownFileType = sourcecode.c.h; path = AbstractAdapter.h; sourceTree = "<group>"; };
		8393236F154DAF68002DF951 /* AbstractAdapter.m */ = {isa = PBXFileReference; fileEncoding = 4; lastKnownFileType = sourcecode.c.objc; path = AbstractAdapter.m; sourceTree = "<group>"; };
		83932370154DAF68002DF951 /* AsynchronousAdapter.h */ = {isa = PBXFileReference; fileEncoding = 4; lastKnownFileType = sourcecode.c.h; path = AsynchronousAdapter.h; sourceTree = "<group>"; };
		83932371154DAF68002DF951 /* AsynchronousAdapter.m */ = {isa = PBXFileReference; fileEncoding = 4; lastKnownFileType = sourcecode.c.objc; path = AsynchronousAdapter.m; sourceTree = "<group>"; };
		83932372154DAF68002DF951 /* AsynchronousAdapterOperation.h */ = {isa = PBXFileReference; fileEncoding = 4; lastKnownFileType = sourcecode.c.h; path = AsynchronousAdapterOperation.h; sourceTree = "<group>"; };
		83932373154DAF68002DF951 /* AsynchronousAdapterOperation.m */ = {isa = PBXFileReference; fileEncoding = 4; lastKnownFileType = sourcecode.c.objc; path = AsynchronousAdapterOperation.m; sourceTree = "<group>"; };
		83932374154DAF68002DF951 /* AuthorizationDetails.h */ = {isa = PBXFileReference; fileEncoding = 4; lastKnownFileType = sourcecode.c.h; path = AuthorizationDetails.h; sourceTree = "<group>"; };
		83932375154DAF68002DF951 /* AuthorizationDetails.m */ = {isa = PBXFileReference; fileEncoding = 4; lastKnownFileType = sourcecode.c.objc; path = AuthorizationDetails.m; sourceTree = "<group>"; };
		83932376154DAF68002DF951 /* AuthorizationDetailsAdapter.h */ = {isa = PBXFileReference; fileEncoding = 4; lastKnownFileType = sourcecode.c.h; path = AuthorizationDetailsAdapter.h; sourceTree = "<group>"; };
		83932377154DAF68002DF951 /* AuthorizationDetailsAdapter.m */ = {isa = PBXFileReference; fileEncoding = 4; lastKnownFileType = sourcecode.c.objc; path = AuthorizationDetailsAdapter.m; sourceTree = "<group>"; };
		83932378154DAF68002DF951 /* Constants.h */ = {isa = PBXFileReference; fileEncoding = 4; lastKnownFileType = sourcecode.c.h; path = Constants.h; sourceTree = "<group>"; };
		83932379154DAF68002DF951 /* ContentAdapter.h */ = {isa = PBXFileReference; fileEncoding = 4; lastKnownFileType = sourcecode.c.h; path = ContentAdapter.h; sourceTree = "<group>"; };
		8393237A154DAF68002DF951 /* ContentAdapter.m */ = {isa = PBXFileReference; fileEncoding = 4; lastKnownFileType = sourcecode.c.objc; path = ContentAdapter.m; sourceTree = "<group>"; };
		8393237B154DAF68002DF951 /* ContentUploadAdapter.h */ = {isa = PBXFileReference; fileEncoding = 4; lastKnownFileType = sourcecode.c.h; path = ContentUploadAdapter.h; sourceTree = "<group>"; };
		8393237C154DAF68002DF951 /* ContentUploadAdapter.m */ = {isa = PBXFileReference; fileEncoding = 4; lastKnownFileType = sourcecode.c.objc; path = ContentUploadAdapter.m; sourceTree = "<group>"; };
		8393237D154DAF68002DF951 /* FileAttributesHelper.h */ = {isa = PBXFileReference; fileEncoding = 4; lastKnownFileType = sourcecode.c.h; path = FileAttributesHelper.h; sourceTree = "<group>"; };
		8393237E154DAF68002DF951 /* FileAttributesHelper.m */ = {isa = PBXFileReference; fileEncoding = 4; lastKnownFileType = sourcecode.c.objc; path = FileAttributesHelper.m; sourceTree = "<group>"; };
		8393237F154DAF68002DF951 /* FileAttributesUpdatingAsynchronAdapterDelegate.h */ = {isa = PBXFileReference; fileEncoding = 4; lastKnownFileType = sourcecode.c.h; path = FileAttributesUpdatingAsynchronAdapterDelegate.h; sourceTree = "<group>"; };
		83932380154DAF68002DF951 /* FileAttributesUpdatingAsynchronAdapterDelegate.m */ = {isa = PBXFileReference; fileEncoding = 4; lastKnownFileType = sourcecode.c.objc; path = FileAttributesUpdatingAsynchronAdapterDelegate.m; sourceTree = "<group>"; };
		83932381154DAF68002DF951 /* FileWritingAsynchronousAdapterDelegate.h */ = {isa = PBXFileReference; fileEncoding = 4; lastKnownFileType = sourcecode.c.h; path = FileWritingAsynchronousAdapterDelegate.h; sourceTree = "<group>"; };
		83932382154DAF68002DF951 /* FileWritingAsynchronousAdapterDelegate.m */ = {isa = PBXFileReference; fileEncoding = 4; lastKnownFileType = sourcecode.c.objc; path = FileWritingAsynchronousAdapterDelegate.m; sourceTree = "<group>"; };
		83932383154DAF68002DF951 /* MIMETypeResolver.h */ = {isa = PBXFileReference; fileEncoding = 4; lastKnownFileType = sourcecode.c.h; path = MIMETypeResolver.h; sourceTree = "<group>"; };
		83932384154DAF68002DF951 /* MIMETypeResolver.m */ = {isa = PBXFileReference; fileEncoding = 4; lastKnownFileType = sourcecode.c.objc; path = MIMETypeResolver.m; sourceTree = "<group>"; };
		83932385154DAF68002DF951 /* NodeDetails.h */ = {isa = PBXFileReference; fileEncoding = 4; lastKnownFileType = sourcecode.c.h; path = NodeDetails.h; sourceTree = "<group>"; };
		83932386154DAF68002DF951 /* NodeDetails.m */ = {isa = PBXFileReference; fileEncoding = 4; lastKnownFileType = sourcecode.c.objc; path = NodeDetails.m; sourceTree = "<group>"; };
		83932387154DAF68002DF951 /* NodeDetailsAdapter.h */ = {isa = PBXFileReference; fileEncoding = 4; lastKnownFileType = sourcecode.c.h; path = NodeDetailsAdapter.h; sourceTree = "<group>"; };
		83932388154DAF68002DF951 /* NodeDetailsAdapter.m */ = {isa = PBXFileReference; fileEncoding = 4; lastKnownFileType = sourcecode.c.objc; path = NodeDetailsAdapter.m; sourceTree = "<group>"; };
		83932389154DAF68002DF951 /* ProgressAsynchronousAdapterDelegate.h */ = {isa = PBXFileReference; fileEncoding = 4; lastKnownFileType = sourcecode.c.h; path = ProgressAsynchronousAdapterDelegate.h; sourceTree = "<group>"; };
		8393238A154DAF68002DF951 /* ProgressAsynchronousAdapterDelegate.m */ = {isa = PBXFileReference; fileEncoding = 4; lastKnownFileType = sourcecode.c.objc; path = ProgressAsynchronousAdapterDelegate.m; sourceTree = "<group>"; };
		8393238B154DAF68002DF951 /* ProgressAsynchronousAdapterDelegateFactory.h */ = {isa = PBXFileReference; fileEncoding = 4; lastKnownFileType = sourcecode.c.h; path = ProgressAsynchronousAdapterDelegateFactory.h; sourceTree = "<group>"; };
		8393238C154DAF68002DF951 /* ProgressAsynchronousAdapterDelegateFactory.m */ = {isa = PBXFileReference; fileEncoding = 4; lastKnownFileType = sourcecode.c.objc; path = ProgressAsynchronousAdapterDelegateFactory.m; sourceTree = "<group>"; };
		8393238D154DAF68002DF951 /* SynchronousAdapter.h */ = {isa = PBXFileReference; fileEncoding = 4; lastKnownFileType = sourcecode.c.h; path = SynchronousAdapter.h; sourceTree = "<group>"; };
		8393238E154DAF68002DF951 /* SynchronousAdapter.m */ = {isa = PBXFileReference; fileEncoding = 4; lastKnownFileType = sourcecode.c.objc; path = SynchronousAdapter.m; sourceTree = "<group>"; };
		8393238F154DAF68002DF951 /* SyncWorker.h */ = {isa = PBXFileReference; fileEncoding = 4; lastKnownFileType = sourcecode.c.h; path = SyncWorker.h; sourceTree = "<group>"; };
		83932390154DAF68002DF951 /* SyncWorker.m */ = {isa = PBXFileReference; fileEncoding = 4; lastKnownFileType = sourcecode.c.objc; path = SyncWorker.m; sourceTree = "<group>"; };
		83932391154DAF68002DF951 /* UserDetails.h */ = {isa = PBXFileReference; fileEncoding = 4; lastKnownFileType = sourcecode.c.h; path = UserDetails.h; sourceTree = "<group>"; };
		83932392154DAF68002DF951 /* UserDetails.m */ = {isa = PBXFileReference; fileEncoding = 4; lastKnownFileType = sourcecode.c.objc; path = UserDetails.m; sourceTree = "<group>"; };
		83932393154DAF68002DF951 /* UserDetailsAdapter.h */ = {isa = PBXFileReference; fileEncoding = 4; lastKnownFileType = sourcecode.c.h; path = UserDetailsAdapter.h; sourceTree = "<group>"; };
		83932394154DAF68002DF951 /* UserDetailsAdapter.m */ = {isa = PBXFileReference; fileEncoding = 4; lastKnownFileType = sourcecode.c.objc; path = UserDetailsAdapter.m; sourceTree = "<group>"; };
		839323BC154DB459002DF951 /* main.m */ = {isa = PBXFileReference; fileEncoding = 4; lastKnownFileType = sourcecode.c.objc; path = main.m; sourceTree = "<group>"; };
		CE92853614B3815400FE35EB /* UbuntuOne.app */ = {isa = PBXFileReference; explicitFileType = wrapper.application; includeInIndex = 0; path = UbuntuOne.app; sourceTree = BUILT_PRODUCTS_DIR; };
		CE92853A14B3815400FE35EB /* Cocoa.framework */ = {isa = PBXFileReference; lastKnownFileType = wrapper.framework; name = Cocoa.framework; path = System/Library/Frameworks/Cocoa.framework; sourceTree = SDKROOT; };
		CE92853D14B3815400FE35EB /* AppKit.framework */ = {isa = PBXFileReference; lastKnownFileType = wrapper.framework; name = AppKit.framework; path = System/Library/Frameworks/AppKit.framework; sourceTree = SDKROOT; };
		CE92853E14B3815400FE35EB /* CoreData.framework */ = {isa = PBXFileReference; lastKnownFileType = wrapper.framework; name = CoreData.framework; path = System/Library/Frameworks/CoreData.framework; sourceTree = SDKROOT; };
		CE92853F14B3815400FE35EB /* Foundation.framework */ = {isa = PBXFileReference; lastKnownFileType = wrapper.framework; name = Foundation.framework; path = System/Library/Frameworks/Foundation.framework; sourceTree = SDKROOT; };
		CE92855814B3815500FE35EB /* SenTestingKit.framework */ = {isa = PBXFileReference; lastKnownFileType = wrapper.framework; name = SenTestingKit.framework; path = Library/Frameworks/SenTestingKit.framework; sourceTree = DEVELOPER_DIR; };
		CE9285F714B3890100FE35EB /* Security.framework */ = {isa = PBXFileReference; lastKnownFileType = wrapper.framework; name = Security.framework; path = System/Library/Frameworks/Security.framework; sourceTree = SDKROOT; };
/* End PBXFileReference section */

/* Begin PBXFrameworksBuildPhase section */
		CE92853314B3815400FE35EB /* Frameworks */ = {
			isa = PBXFrameworksBuildPhase;
			buildActionMask = 2147483647;
			files = (
				CE9285F814B3890100FE35EB /* Security.framework in Frameworks */,
				CE92853B14B3815400FE35EB /* Cocoa.framework in Frameworks */,
			);
			runOnlyForDeploymentPostprocessing = 0;
		};
/* End PBXFrameworksBuildPhase section */

/* Begin PBXGroup section */
		8393231D154DADB9002DF951 /* Vendor */ = {
			isa = PBXGroup;
			children = (
				8393231E154DADDF002DF951 /* OAuthConsumer */,
			);
			path = Vendor;
			sourceTree = "<group>";
		};
		8393231E154DADDF002DF951 /* OAuthConsumer */ = {
			isa = PBXGroup;
			children = (
				8393231F154DADDF002DF951 /* Base64Transcoder.c */,
				83932320154DADDF002DF951 /* Base64Transcoder.h */,
				83932321154DADDF002DF951 /* NSMutableURLRequest+Parameters.h */,
				83932322154DADDF002DF951 /* NSMutableURLRequest+Parameters.m */,
				83932323154DADDF002DF951 /* NSURL+Base.h */,
				83932324154DADDF002DF951 /* NSURL+Base.m */,
				83932325154DADDF002DF951 /* OAAsynchronousDataFetcher.h */,
				83932326154DADDF002DF951 /* OAAsynchronousDataFetcher.m */,
				83932327154DADDF002DF951 /* OAConsumer.h */,
				83932328154DADDF002DF951 /* OAConsumer.m */,
				83932329154DADDF002DF951 /* OADataFetcher.h */,
				8393232A154DADDF002DF951 /* OADataFetcher.m */,
				8393232B154DADDF002DF951 /* OAHMAC_SHA1SignatureProvider.h */,
				8393232C154DADDF002DF951 /* OAHMAC_SHA1SignatureProvider.m */,
				8393232D154DADDF002DF951 /* OAMutableURLRequest.h */,
				8393232E154DADDF002DF951 /* OAMutableURLRequest.m */,
				8393232F154DADDF002DF951 /* OAPlaintextSignatureProvider.h */,
				83932330154DADDF002DF951 /* OAPlaintextSignatureProvider.m */,
				83932331154DADDF002DF951 /* OARequestParameter.h */,
				83932332154DADDF002DF951 /* OARequestParameter.m */,
				83932333154DADDF002DF951 /* OAServiceTicket.h */,
				83932334154DADDF002DF951 /* OAServiceTicket.m */,
				83932335154DADDF002DF951 /* OASignatureProviding.h */,
				83932336154DADDF002DF951 /* OATestServer.rb */,
				83932337154DADDF002DF951 /* OAToken.h */,
				83932338154DADDF002DF951 /* OAToken.m */,
				83932339154DADDF002DF951 /* OAuthConsumer.h */,
				8393233A154DADDF002DF951 /* README.md */,
			);
			path = OAuthConsumer;
			sourceTree = "<group>";
		};
		83932349154DAF68002DF951 /* Classes */ = {
			isa = PBXGroup;
			children = (
				839323B8154DAF86002DF951 /* Supporting Files */,
				8393234A154DAF68002DF951 /* AppDelegate.h */,
				8393234B154DAF68002DF951 /* AppDelegate.m */,
				8393234C154DAF68002DF951 /* Categories */,
				83932351154DAF68002DF951 /* Controllers */,
				8393236D154DAF68002DF951 /* Models */,
			);
			path = Classes;
			sourceTree = "<group>";
		};
		8393234C154DAF68002DF951 /* Categories */ = {
			isa = PBXGroup;
			children = (
				8393234D154DAF68002DF951 /* NSBundle+ApplicationName.h */,
				8393234E154DAF68002DF951 /* NSBundle+ApplicationName.m */,
				8393234F154DAF68002DF951 /* NSFileManager+ApplicationSupportDirectory.h */,
				83932350154DAF68002DF951 /* NSFileManager+ApplicationSupportDirectory.m */,
				83723691154F43BF00C41ACE /* NSNumber+numberToHumanSize.h */,
				83723692154F43BF00C41ACE /* NSNumber+numberToHumanSize.m */,
			);
			path = Categories;
			sourceTree = "<group>";
		};
		83932351154DAF68002DF951 /* Controllers */ = {
			isa = PBXGroup;
			children = (
				83932352154DAF68002DF951 /* DownloadsArrayController.h */,
				83932353154DAF68002DF951 /* DownloadsArrayController.m */,
				83932354154DAF68002DF951 /* GeneralOptions.xib */,
				83932355154DAF68002DF951 /* GeneralOptionsController.h */,
				83932356154DAF68002DF951 /* GeneralOptionsController.m */,
				83932357154DAF68002DF951 /* OptionsWindow.xib */,
				83932358154DAF68002DF951 /* OptionsWindowController.h */,
				83932359154DAF68002DF951 /* OptionsWindowController.m */,
				8393235A154DAF68002DF951 /* StatusItemController.h */,
				8393235B154DAF68002DF951 /* StatusItemController.m */,
				8393235C154DAF68002DF951 /* UserDetails.xib */,
				8393235D154DAF68002DF951 /* UserDetailsController.h */,
				8393235E154DAF68002DF951 /* UserDetailsController.m */,
			);
			path = Controllers;
			sourceTree = "<group>";
		};
		8393236D154DAF68002DF951 /* Models */ = {
			isa = PBXGroup;
			children = (
				8393236E154DAF68002DF951 /* AbstractAdapter.h */,
				8393236F154DAF68002DF951 /* AbstractAdapter.m */,
				83932370154DAF68002DF951 /* AsynchronousAdapter.h */,
				83932371154DAF68002DF951 /* AsynchronousAdapter.m */,
				83932372154DAF68002DF951 /* AsynchronousAdapterOperation.h */,
				83932373154DAF68002DF951 /* AsynchronousAdapterOperation.m */,
				83932374154DAF68002DF951 /* AuthorizationDetails.h */,
				83932375154DAF68002DF951 /* AuthorizationDetails.m */,
				83932376154DAF68002DF951 /* AuthorizationDetailsAdapter.h */,
				83932377154DAF68002DF951 /* AuthorizationDetailsAdapter.m */,
				83932378154DAF68002DF951 /* Constants.h */,
				83932379154DAF68002DF951 /* ContentAdapter.h */,
				8393237A154DAF68002DF951 /* ContentAdapter.m */,
				8393237B154DAF68002DF951 /* ContentUploadAdapter.h */,
				8393237C154DAF68002DF951 /* ContentUploadAdapter.m */,
				8393237D154DAF68002DF951 /* FileAttributesHelper.h */,
				8393237E154DAF68002DF951 /* FileAttributesHelper.m */,
				8393237F154DAF68002DF951 /* FileAttributesUpdatingAsynchronAdapterDelegate.h */,
				83932380154DAF68002DF951 /* FileAttributesUpdatingAsynchronAdapterDelegate.m */,
				83932381154DAF68002DF951 /* FileWritingAsynchronousAdapterDelegate.h */,
				83932382154DAF68002DF951 /* FileWritingAsynchronousAdapterDelegate.m */,
				83932383154DAF68002DF951 /* MIMETypeResolver.h */,
				83932384154DAF68002DF951 /* MIMETypeResolver.m */,
				83932385154DAF68002DF951 /* NodeDetails.h */,
				83932386154DAF68002DF951 /* NodeDetails.m */,
				83932387154DAF68002DF951 /* NodeDetailsAdapter.h */,
				83932388154DAF68002DF951 /* NodeDetailsAdapter.m */,
				83932389154DAF68002DF951 /* ProgressAsynchronousAdapterDelegate.h */,
				8393238A154DAF68002DF951 /* ProgressAsynchronousAdapterDelegate.m */,
				8393238B154DAF68002DF951 /* ProgressAsynchronousAdapterDelegateFactory.h */,
				8393238C154DAF68002DF951 /* ProgressAsynchronousAdapterDelegateFactory.m */,
				8393238D154DAF68002DF951 /* SynchronousAdapter.h */,
				8393238E154DAF68002DF951 /* SynchronousAdapter.m */,
				8393238F154DAF68002DF951 /* SyncWorker.h */,
				83932390154DAF68002DF951 /* SyncWorker.m */,
				83932391154DAF68002DF951 /* UserDetails.h */,
				83932392154DAF68002DF951 /* UserDetails.m */,
				83932393154DAF68002DF951 /* UserDetailsAdapter.h */,
				83932394154DAF68002DF951 /* UserDetailsAdapter.m */,
			);
			path = Models;
			sourceTree = "<group>";
		};
		839323B8154DAF86002DF951 /* Supporting Files */ = {
			isa = PBXGroup;
			children = (
				839323BC154DB459002DF951 /* main.m */,
				8393235F154DAF68002DF951 /* Credits.rtf */,
				83932361154DAF68002DF951 /* InfoPlist.strings */,
				83932365154DAF68002DF951 /* MainMenu.xib */,
				83932367154DAF68002DF951 /* u1.icns */,
				83932369154DAF68002DF951 /* UbuntuOne-Info.plist */,
				8393236B154DAF68002DF951 /* UbuntuOne-Prefix.pch */,
			);
			name = "Supporting Files";
			sourceTree = "<group>";
		};
		CE92852B14B3815400FE35EB = {
			isa = PBXGroup;
			children = (
				83932349154DAF68002DF951 /* Classes */,
				8393231D154DADB9002DF951 /* Vendor */,
				CE92853914B3815400FE35EB /* Frameworks */,
				CE92853714B3815400FE35EB /* Products */,
			);
			sourceTree = "<group>";
		};
		CE92853714B3815400FE35EB /* Products */ = {
			isa = PBXGroup;
			children = (
				CE92853614B3815400FE35EB /* UbuntuOne.app */,
			);
			name = Products;
			sourceTree = "<group>";
		};
		CE92853914B3815400FE35EB /* Frameworks */ = {
			isa = PBXGroup;
			children = (
				CE9285F714B3890100FE35EB /* Security.framework */,
				CE92853A14B3815400FE35EB /* Cocoa.framework */,
				CE92855814B3815500FE35EB /* SenTestingKit.framework */,
				CE92853C14B3815400FE35EB /* Other Frameworks */,
			);
			name = Frameworks;
			sourceTree = "<group>";
		};
		CE92853C14B3815400FE35EB /* Other Frameworks */ = {
			isa = PBXGroup;
			children = (
				CE92853D14B3815400FE35EB /* AppKit.framework */,
				CE92853E14B3815400FE35EB /* CoreData.framework */,
				CE92853F14B3815400FE35EB /* Foundation.framework */,
			);
			name = "Other Frameworks";
			sourceTree = "<group>";
		};
/* End PBXGroup section */

/* Begin PBXNativeTarget section */
		CE92853514B3815400FE35EB /* UbuntuOne */ = {
			isa = PBXNativeTarget;
			buildConfigurationList = CE92856814B3815500FE35EB /* Build configuration list for PBXNativeTarget "UbuntuOne" */;
			buildPhases = (
				CE92853214B3815400FE35EB /* Sources */,
				CE92853314B3815400FE35EB /* Frameworks */,
				CE92853414B3815400FE35EB /* Resources */,
			);
			buildRules = (
			);
			dependencies = (
			);
			name = UbuntuOne;
			productName = "Ubuntu One Client";
			productReference = CE92853614B3815400FE35EB /* UbuntuOne.app */;
			productType = "com.apple.product-type.application";
		};
/* End PBXNativeTarget section */

/* Begin PBXProject section */
		CE92852D14B3815400FE35EB /* Project object */ = {
			isa = PBXProject;
			attributes = {
				LastUpgradeCheck = 0420;
			};
			buildConfigurationList = CE92853014B3815400FE35EB /* Build configuration list for PBXProject "UbuntuOne" */;
			compatibilityVersion = "Xcode 3.2";
			developmentRegion = English;
			hasScannedForEncodings = 0;
			knownRegions = (
				en,
			);
			mainGroup = CE92852B14B3815400FE35EB;
			productRefGroup = CE92853714B3815400FE35EB /* Products */;
			projectDirPath = "";
			projectRoot = "";
			targets = (
				CE92853514B3815400FE35EB /* UbuntuOne */,
			);
		};
/* End PBXProject section */

/* Begin PBXResourcesBuildPhase section */
		CE92853414B3815400FE35EB /* Resources */ = {
			isa = PBXResourcesBuildPhase;
			buildActionMask = 2147483647;
			files = (
				83932346154DADDF002DF951 /* OATestServer.rb in Resources */,
				83932348154DADDF002DF951 /* README.md in Resources */,
				83932399154DAF68002DF951 /* GeneralOptions.xib in Resources */,
				8393239B154DAF68002DF951 /* OptionsWindow.xib in Resources */,
				8393239E154DAF68002DF951 /* UserDetails.xib in Resources */,
				839323A0154DAF68002DF951 /* Credits.rtf in Resources */,
				839323A1154DAF68002DF951 /* InfoPlist.strings in Resources */,
				839323A2154DAF68002DF951 /* MainMenu.xib in Resources */,
				839323A3154DAF68002DF951 /* u1.icns in Resources */,
			);
			runOnlyForDeploymentPostprocessing = 0;
		};
/* End PBXResourcesBuildPhase section */

/* Begin PBXSourcesBuildPhase section */
		CE92853214B3815400FE35EB /* Sources */ = {
			isa = PBXSourcesBuildPhase;
			buildActionMask = 2147483647;
			files = (
				8393233B154DADDF002DF951 /* Base64Transcoder.c in Sources */,
				8393233C154DADDF002DF951 /* NSMutableURLRequest+Parameters.m in Sources */,
				8393233D154DADDF002DF951 /* NSURL+Base.m in Sources */,
				8393233E154DADDF002DF951 /* OAAsynchronousDataFetcher.m in Sources */,
				8393233F154DADDF002DF951 /* OAConsumer.m in Sources */,
				83932340154DADDF002DF951 /* OADataFetcher.m in Sources */,
				83932341154DADDF002DF951 /* OAHMAC_SHA1SignatureProvider.m in Sources */,
				83932342154DADDF002DF951 /* OAMutableURLRequest.m in Sources */,
				83932343154DADDF002DF951 /* OAPlaintextSignatureProvider.m in Sources */,
				83932344154DADDF002DF951 /* OARequestParameter.m in Sources */,
				83932345154DADDF002DF951 /* OAServiceTicket.m in Sources */,
				83932347154DADDF002DF951 /* OAToken.m in Sources */,
				83932395154DAF68002DF951 /* AppDelegate.m in Sources */,
				83932396154DAF68002DF951 /* NSBundle+ApplicationName.m in Sources */,
				83932397154DAF68002DF951 /* NSFileManager+ApplicationSupportDirectory.m in Sources */,
				83932398154DAF68002DF951 /* DownloadsArrayController.m in Sources */,
				8393239A154DAF68002DF951 /* GeneralOptionsController.m in Sources */,
				8393239C154DAF68002DF951 /* OptionsWindowController.m in Sources */,
				8393239D154DAF68002DF951 /* StatusItemController.m in Sources */,
				8393239F154DAF68002DF951 /* UserDetailsController.m in Sources */,
				839323A5154DAF68002DF951 /* AbstractAdapter.m in Sources */,
				839323A6154DAF68002DF951 /* AsynchronousAdapter.m in Sources */,
				839323A7154DAF68002DF951 /* AsynchronousAdapterOperation.m in Sources */,
				839323A8154DAF68002DF951 /* AuthorizationDetails.m in Sources */,
				839323A9154DAF68002DF951 /* AuthorizationDetailsAdapter.m in Sources */,
				839323AA154DAF68002DF951 /* ContentAdapter.m in Sources */,
				839323AB154DAF68002DF951 /* ContentUploadAdapter.m in Sources */,
				839323AC154DAF68002DF951 /* FileAttributesHelper.m in Sources */,
				839323AD154DAF68002DF951 /* FileAttributesUpdatingAsynchronAdapterDelegate.m in Sources */,
				839323AE154DAF68002DF951 /* FileWritingAsynchronousAdapterDelegate.m in Sources */,
				839323AF154DAF68002DF951 /* MIMETypeResolver.m in Sources */,
				839323B0154DAF68002DF951 /* NodeDetails.m in Sources */,
				839323B1154DAF68002DF951 /* NodeDetailsAdapter.m in Sources */,
				839323B2154DAF68002DF951 /* ProgressAsynchronousAdapterDelegate.m in Sources */,
				839323B3154DAF68002DF951 /* ProgressAsynchronousAdapterDelegateFactory.m in Sources */,
				839323B4154DAF68002DF951 /* SynchronousAdapter.m in Sources */,
				839323B5154DAF68002DF951 /* SyncWorker.m in Sources */,
				839323B6154DAF68002DF951 /* UserDetails.m in Sources */,
				839323B7154DAF68002DF951 /* UserDetailsAdapter.m in Sources */,
				839323BD154DB459002DF951 /* main.m in Sources */,
				83723693154F43BF00C41ACE /* NSNumber+numberToHumanSize.m in Sources */,
			);
			runOnlyForDeploymentPostprocessing = 0;
		};
/* End PBXSourcesBuildPhase section */

/* Begin PBXVariantGroup section */
		8393235F154DAF68002DF951 /* Credits.rtf */ = {
			isa = PBXVariantGroup;
			children = (
				83932360154DAF68002DF951 /* en */,
			);
			name = Credits.rtf;
			sourceTree = "<group>";
		};
		83932361154DAF68002DF951 /* InfoPlist.strings */ = {
			isa = PBXVariantGroup;
			children = (
				83932362154DAF68002DF951 /* en */,
			);
			name = InfoPlist.strings;
			sourceTree = "<group>";
		};
		83932365154DAF68002DF951 /* MainMenu.xib */ = {
			isa = PBXVariantGroup;
			children = (
				83932366154DAF68002DF951 /* en */,
			);
			name = MainMenu.xib;
			sourceTree = "<group>";
		};
		83932367154DAF68002DF951 /* u1.icns */ = {
			isa = PBXVariantGroup;
			children = (
				83932368154DAF68002DF951 /* en */,
			);
			name = u1.icns;
			sourceTree = "<group>";
		};
		83932369154DAF68002DF951 /* UbuntuOne-Info.plist */ = {
			isa = PBXVariantGroup;
			children = (
				8393236A154DAF68002DF951 /* en */,
			);
			name = "UbuntuOne-Info.plist";
			sourceTree = "<group>";
		};
		8393236B154DAF68002DF951 /* UbuntuOne-Prefix.pch */ = {
			isa = PBXVariantGroup;
			children = (
				8393236C154DAF68002DF951 /* en */,
			);
			name = "UbuntuOne-Prefix.pch";
			sourceTree = "<group>";
		};
/* End PBXVariantGroup section */

/* Begin XCBuildConfiguration section */
		CE92856614B3815500FE35EB /* Debug */ = {
			isa = XCBuildConfiguration;
			buildSettings = {
				ALWAYS_SEARCH_USER_PATHS = NO;
				ARCHS = "$(ARCHS_STANDARD_64_BIT)";
				CLANG_ENABLE_OBJC_ARC = YES;
				COPY_PHASE_STRIP = NO;
				GCC_C_LANGUAGE_STANDARD = gnu99;
				GCC_DYNAMIC_NO_PIC = NO;
				GCC_ENABLE_OBJC_EXCEPTIONS = YES;
				GCC_OPTIMIZATION_LEVEL = 0;
				GCC_PREPROCESSOR_DEFINITIONS = (
					"DEBUG=1",
					"$(inherited)",
				);
				GCC_SYMBOLS_PRIVATE_EXTERN = NO;
				GCC_VERSION = com.apple.compilers.llvm.clang.1_0;
				GCC_WARN_64_TO_32_BIT_CONVERSION = YES;
				GCC_WARN_ABOUT_MISSING_PROTOTYPES = YES;
				GCC_WARN_ABOUT_RETURN_TYPE = YES;
				GCC_WARN_UNUSED_VARIABLE = YES;
				MACOSX_DEPLOYMENT_TARGET = 10.7;
				ONLY_ACTIVE_ARCH = YES;
				SDKROOT = macosx;
			};
			name = Debug;
		};
		CE92856714B3815500FE35EB /* Release */ = {
			isa = XCBuildConfiguration;
			buildSettings = {
				ALWAYS_SEARCH_USER_PATHS = NO;
				ARCHS = "$(ARCHS_STANDARD_64_BIT)";
				CLANG_ENABLE_OBJC_ARC = YES;
				COPY_PHASE_STRIP = YES;
				DEBUG_INFORMATION_FORMAT = "dwarf-with-dsym";
				GCC_C_LANGUAGE_STANDARD = gnu99;
				GCC_ENABLE_OBJC_EXCEPTIONS = YES;
				GCC_VERSION = com.apple.compilers.llvm.clang.1_0;
				GCC_WARN_64_TO_32_BIT_CONVERSION = YES;
				GCC_WARN_ABOUT_MISSING_PROTOTYPES = YES;
				GCC_WARN_ABOUT_RETURN_TYPE = YES;
				GCC_WARN_UNUSED_VARIABLE = YES;
				MACOSX_DEPLOYMENT_TARGET = 10.7;
				SDKROOT = macosx;
			};
			name = Release;
		};
		CE92856914B3815500FE35EB /* Debug */ = {
			isa = XCBuildConfiguration;
			buildSettings = {
				GCC_PRECOMPILE_PREFIX_HEADER = YES;
				GCC_PREFIX_HEADER = "Classes/en.lproj/UbuntuOne-Prefix.pch";
				INFOPLIST_FILE = "Classes/en.lproj/UbuntuOne-Info.plist";
				PRODUCT_NAME = UbuntuOne;
				WRAPPER_EXTENSION = app;
			};
			name = Debug;
		};
		CE92856A14B3815500FE35EB /* Release */ = {
			isa = XCBuildConfiguration;
			buildSettings = {
				GCC_PRECOMPILE_PREFIX_HEADER = YES;
				GCC_PREFIX_HEADER = "Classes/en.lproj/UbuntuOne-Prefix.pch";
				INFOPLIST_FILE = "Classes/en.lproj/UbuntuOne-Info.plist";
				PRODUCT_NAME = UbuntuOne;
				WRAPPER_EXTENSION = app;
			};
			name = Release;
		};
/* End XCBuildConfiguration section */

/* Begin XCConfigurationList section */
		CE92853014B3815400FE35EB /* Build configuration list for PBXProject "UbuntuOne" */ = {
			isa = XCConfigurationList;
			buildConfigurations = (
				CE92856614B3815500FE35EB /* Debug */,
				CE92856714B3815500FE35EB /* Release */,
			);
			defaultConfigurationIsVisible = 0;
			defaultConfigurationName = Release;
		};
		CE92856814B3815500FE35EB /* Build configuration list for PBXNativeTarget "UbuntuOne" */ = {
			isa = XCConfigurationList;
			buildConfigurations = (
				CE92856914B3815500FE35EB /* Debug */,
				CE92856A14B3815500FE35EB /* Release */,
			);
			defaultConfigurationIsVisible = 0;
			defaultConfigurationName = Release;
		};
/* End XCConfigurationList section */
	};
	rootObject = CE92852D14B3815400FE35EB /* Project object */;
}
